// !$*UTF8*$!
{
	archiveVersion = 1;
	classes = {
	};
	objectVersion = 46;
	objects = {

/* Begin PBXBuildFile section */
		2DEBB74A1EDDC30600C5E834 /* AppDelegate.swift in Sources */ = {isa = PBXBuildFile; fileRef = 2DEBB7491EDDC30600C5E834 /* AppDelegate.swift */; };
		2DEBB74C1EDDC30600C5E834 /* ViewController.swift in Sources */ = {isa = PBXBuildFile; fileRef = 2DEBB74B1EDDC30600C5E834 /* ViewController.swift */; };
		2DEBB74F1EDDC30600C5E834 /* Main.storyboard in Resources */ = {isa = PBXBuildFile; fileRef = 2DEBB74D1EDDC30600C5E834 /* Main.storyboard */; };
		2DEBB7511EDDC30600C5E834 /* Assets.xcassets in Resources */ = {isa = PBXBuildFile; fileRef = 2DEBB7501EDDC30600C5E834 /* Assets.xcassets */; };
		2DEBB7541EDDC30600C5E834 /* LaunchScreen.storyboard in Resources */ = {isa = PBXBuildFile; fileRef = 2DEBB7521EDDC30600C5E834 /* LaunchScreen.storyboard */; };
		2DEBB75C1EDDC45000C5E834 /* newPractice.xml in Resources */ = {isa = PBXBuildFile; fileRef = 2DEBB75B1EDDC45000C5E834 /* newPractice.xml */; };
/* End PBXBuildFile section */

/* Begin PBXFileReference section */
		2DEBB7461EDDC30600C5E834 /* XMLParcePractice.app */ = {isa = PBXFileReference; explicitFileType = wrapper.application; includeInIndex = 0; path = XMLParcePractice.app; sourceTree = BUILT_PRODUCTS_DIR; };
		2DEBB7491EDDC30600C5E834 /* AppDelegate.swift */ = {isa = PBXFileReference; lastKnownFileType = sourcecode.swift; path = AppDelegate.swift; sourceTree = "<group>"; };
		2DEBB74B1EDDC30600C5E834 /* ViewController.swift */ = {isa = PBXFileReference; lastKnownFileType = sourcecode.swift; path = ViewController.swift; sourceTree = "<group>"; };
		2DEBB74E1EDDC30600C5E834 /* Base */ = {isa = PBXFileReference; lastKnownFileType = file.storyboard; name = Base; path = Base.lproj/Main.storyboard; sourceTree = "<group>"; };
		2DEBB7501EDDC30600C5E834 /* Assets.xcassets */ = {isa = PBXFileReference; lastKnownFileType = folder.assetcatalog; path = Assets.xcassets; sourceTree = "<group>"; };
		2DEBB7531EDDC30600C5E834 /* Base */ = {isa = PBXFileReference; lastKnownFileType = file.storyboard; name = Base; path = Base.lproj/LaunchScreen.storyboard; sourceTree = "<group>"; };
		2DEBB7551EDDC30600C5E834 /* Info.plist */ = {isa = PBXFileReference; lastKnownFileType = text.plist.xml; path = Info.plist; sourceTree = "<group>"; };
		2DEBB75B1EDDC45000C5E834 /* newPractice.xml */ = {isa = PBXFileReference; fileEncoding = 4; lastKnownFileType = text.xml; path = newPractice.xml; sourceTree = "<group>"; };
/* End PBXFileReference section */

/* Begin PBXFrameworksBuildPhase section */
		2DEBB7431EDDC30600C5E834 /* Frameworks */ = {
			isa = PBXFrameworksBuildPhase;
			buildActionMask = 2147483647;
			files = (
			);
			runOnlyForDeploymentPostprocessing = 0;
		};
/* End PBXFrameworksBuildPhase section */

/* Begin PBXGroup section */
		2DEBB73D1EDDC30600C5E834 = {
			isa = PBXGroup;
			children = (
				2DEBB7481EDDC30600C5E834 /* XMLParcePractice */,
				2DEBB7471EDDC30600C5E834 /* Products */,
			);
			sourceTree = "<group>";
		};
		2DEBB7471EDDC30600C5E834 /* Products */ = {
			isa = PBXGroup;
			children = (
				2DEBB7461EDDC30600C5E834 /* XMLParcePractice.app */,
			);
			name = Products;
			sourceTree = "<group>";
		};
		2DEBB7481EDDC30600C5E834 /* XMLParcePractice */ = {
			isa = PBXGroup;
			children = (
				2DEBB7491EDDC30600C5E834 /* AppDelegate.swift */,
				2DEBB74B1EDDC30600C5E834 /* ViewController.swift */,
				2DEBB75B1EDDC45000C5E834 /* newPractice.xml */,
				2DEBB74D1EDDC30600C5E834 /* Main.storyboard */,
				2DEBB7501EDDC30600C5E834 /* Assets.xcassets */,
				2DEBB7521EDDC30600C5E834 /* LaunchScreen.storyboard */,
				2DEBB7551EDDC30600C5E834 /* Info.plist */,
			);
			path = XMLParcePractice;
			sourceTree = "<group>";
		};
/* End PBXGroup section */

/* Begin PBXNativeTarget section */
		2DEBB7451EDDC30600C5E834 /* XMLParcePractice */ = {
			isa = PBXNativeTarget;
			buildConfigurationList = 2DEBB7581EDDC30600C5E834 /* Build configuration list for PBXNativeTarget "XMLParcePractice" */;
			buildPhases = (
				2DEBB7421EDDC30600C5E834 /* Sources */,
				2DEBB7431EDDC30600C5E834 /* Frameworks */,
				2DEBB7441EDDC30600C5E834 /* Resources */,
			);
			buildRules = (
			);
			dependencies = (
			);
			name = XMLParcePractice;
			productName = XMLParcePractice;
			productReference = 2DEBB7461EDDC30600C5E834 /* XMLParcePractice.app */;
			productType = "com.apple.product-type.application";
		};
/* End PBXNativeTarget section */

/* Begin PBXProject section */
		2DEBB73E1EDDC30600C5E834 /* Project object */ = {
			isa = PBXProject;
			attributes = {
				LastSwiftUpdateCheck = 0830;
				LastUpgradeCheck = 0830;
				ORGANIZATIONNAME = "Jon Olivet";
				TargetAttributes = {
					2DEBB7451EDDC30600C5E834 = {
						CreatedOnToolsVersion = 8.3.2;
						DevelopmentTeam = F7Z96QXV9V;
						ProvisioningStyle = Automatic;
					};
				};
			};
			buildConfigurationList = 2DEBB7411EDDC30600C5E834 /* Build configuration list for PBXProject "XMLParcePractice" */;
			compatibilityVersion = "Xcode 3.2";
			developmentRegion = English;
			hasScannedForEncodings = 0;
			knownRegions = (
				en,
				Base,
			);
			mainGroup = 2DEBB73D1EDDC30600C5E834;
			productRefGroup = 2DEBB7471EDDC30600C5E834 /* Products */;
			projectDirPath = "";
			projectRoot = "";
			targets = (
				2DEBB7451EDDC30600C5E834 /* XMLParcePractice */,
			);
		};
/* End PBXProject section */

/* Begin PBXResourcesBuildPhase section */
		2DEBB7441EDDC30600C5E834 /* Resources */ = {
			isa = PBXResourcesBuildPhase;
			buildActionMask = 2147483647;
			files = (
				2DEBB7541EDDC30600C5E834 /* LaunchScreen.storyboard in Resources */,
				2DEBB7511EDDC30600C5E834 /* Assets.xcassets in Resources */,
				2DEBB74F1EDDC30600C5E834 /* Main.storyboard in Resources */,
				2DEBB75C1EDDC45000C5E834 /* newPractice.xml in Resources */,
			);
			runOnlyForDeploymentPostprocessing = 0;
		};
/* End PBXResourcesBuildPhase section */

/* Begin PBXSourcesBuildPhase section */
		2DEBB7421EDDC30600C5E834 /* Sources */ = {
			isa = PBXSourcesBuildPhase;
			buildActionMask = 2147483647;
			files = (
				2DEBB74C1EDDC30600C5E834 /* ViewController.swift in Sources */,
				2DEBB74A1EDDC30600C5E834 /* AppDelegate.swift in Sources */,
			);
			runOnlyForDeploymentPostprocessing = 0;
		};
/* End PBXSourcesBuildPhase section */

/* Begin PBXVariantGroup section */
		2DEBB74D1EDDC30600C5E834 /* Main.storyboard */ = {
			isa = PBXVariantGroup;
			children = (
				2DEBB74E1EDDC30600C5E834 /* Base */,
			);
			name = Main.storyboard;
			sourceTree = "<group>";
		};
		2DEBB7521EDDC30600C5E834 /* LaunchScreen.storyboard */ = {
			isa = PBXVariantGroup;
			children = (
				2DEBB7531EDDC30600C5E834 /* Base */,
			);
			name = LaunchScreen.storyboard;
			sourceTree = "<group>";
		};
/* End PBXVariantGroup section */

/* Begin XCBuildConfiguration section */
		2DEBB7561EDDC30600C5E834 /* Debug */ = {
			isa = XCBuildConfiguration;
			buildSettings = {
				ALWAYS_SEARCH_USER_PATHS = NO;
				CLANG_ANALYZER_NONNULL = YES;
				CLANG_ANALYZER_NUMBER_OBJECT_CONVERSION = YES_AGGRESSIVE;
				CLANG_CXX_LANGUAGE_STANDARD = "gnu++0x";
				CLANG_CXX_LIBRARY = "libc++";
				CLANG_ENABLE_MODULES = YES;
				CLANG_ENABLE_OBJC_ARC = YES;
				CLANG_WARN_BOOL_CONVERSION = YES;
				CLANG_WARN_CONSTANT_CONVERSION = YES;
				CLANG_WARN_DIRECT_OBJC_ISA_USAGE = YES_ERROR;
				CLANG_WARN_DOCUMENTATION_COMMENTS = YES;
				CLANG_WARN_EMPTY_BODY = YES;
				CLANG_WARN_ENUM_CONVERSION = YES;
				CLANG_WARN_INFINITE_RECURSION = YES;
				CLANG_WARN_INT_CONVERSION = YES;
				CLANG_WARN_OBJC_ROOT_CLASS = YES_ERROR;
				CLANG_WARN_SUSPICIOUS_MOVE = YES;
				CLANG_WARN_UNREACHABLE_CODE = YES;
				CLANG_WARN__DUPLICATE_METHOD_MATCH = YES;
				"CODE_SIGN_IDENTITY[sdk=iphoneos*]" = "iPhone Developer";
				COPY_PHASE_STRIP = NO;
				DEBUG_INFORMATION_FORMAT = dwarf;
				ENABLE_STRICT_OBJC_MSGSEND = YES;
				ENABLE_TESTABILITY = YES;
				GCC_C_LANGUAGE_STANDARD = gnu99;
				GCC_DYNAMIC_NO_PIC = NO;
				GCC_NO_COMMON_BLOCKS = YES;
				GCC_OPTIMIZATION_LEVEL = 0;
				GCC_PREPROCESSOR_DEFINITIONS = (
					"DEBUG=1",
					"$(inherited)",
				);
				GCC_WARN_64_TO_32_BIT_CONVERSION = YES;
				GCC_WARN_ABOUT_RETURN_TYPE = YES_ERROR;
				GCC_WARN_UNDECLARED_SELECTOR = YES;
				GCC_WARN_UNINITIALIZED_AUTOS = YES_AGGRESSIVE;
				GCC_WARN_UNUSED_FUNCTION = YES;
				GCC_WARN_UNUSED_VARIABLE = YES;
				IPHONEOS_DEPLOYMENT_TARGET = 10.3;
				MTL_ENABLE_DEBUG_INFO = YES;
				ONLY_ACTIVE_ARCH = YES;
				SDKROOT = iphoneos;
				SWIFT_ACTIVE_COMPILATION_CONDITIONS = DEBUG;
				SWIFT_OPTIMIZATION_LEVEL = "-Onone";
				TARGETED_DEVICE_FAMILY = "1,2";
			};
			name = Debug;
		};
		2DEBB7571EDDC30600C5E834 /* Release */ = {
			isa = XCBuildConfiguration;
			buildSettings = {
				ALWAYS_SEARCH_USER_PATHS = NO;
				CLANG_ANALYZER_NONNULL = YES;
				CLANG_ANALYZER_NUMBER_OBJECT_CONVERSION = YES_AGGRESSIVE;
				CLANG_CXX_LANGUAGE_STANDARD = "gnu++0x";
				CLANG_CXX_LIBRARY = "libc++";
				CLANG_ENABLE_MODULES = YES;
				CLANG_ENABLE_OBJC_ARC = YES;
				CLANG_WARN_BOOL_CONVERSION = YES;
				CLANG_WARN_CONSTANT_CONVERSION = YES;
				CLANG_WARN_DIRECT_OBJC_ISA_USAGE = YES_ERROR;
				CLANG_WARN_DOCUMENTATION_COMMENTS = YES;
				CLANG_WARN_EMPTY_BODY = YES;
				CLANG_WARN_ENUM_CONVERSION = YES;
				CLANG_WARN_INFINITE_RECURSION = YES;
				CLANG_WARN_INT_CONVERSION = YES;
				CLANG_WARN_OBJC_ROOT_CLASS = YES_ERROR;
				CLANG_WARN_SUSPICIOUS_MOVE = YES;
				CLANG_WARN_UNREACHABLE_CODE = YES;
				CLANG_WARN__DUPLICATE_METHOD_MATCH = YES;
				"CODE_SIGN_IDENTITY[sdk=iphoneos*]" = "iPhone Developer";
				COPY_PHASE_STRIP = NO;
				DEBUG_INFORMATION_FORMAT = "dwarf-with-dsym";
				ENABLE_NS_ASSERTIONS = NO;
				ENABLE_STRICT_OBJC_MSGSEND = YES;
				GCC_C_LANGUAGE_STANDARD = gnu99;
				GCC_NO_COMMON_BLOCKS = YES;
				GCC_WARN_64_TO_32_BIT_CONVERSION = YES;
				GCC_WARN_ABOUT_RETURN_TYPE = YES_ERROR;
				GCC_WARN_UNDECLARED_SELECTOR = YES;
				GCC_WARN_UNINITIALIZED_AUTOS = YES_AGGRESSIVE;
				GCC_WARN_UNUSED_FUNCTION = YES;
				GCC_WARN_UNUSED_VARIABLE = YES;
				IPHONEOS_DEPLOYMENT_TARGET = 10.3;
				MTL_ENABLE_DEBUG_INFO = NO;
				SDKROOT = iphoneos;
				SWIFT_OPTIMIZATION_LEVEL = "-Owholemodule";
				TARGETED_DEVICE_FAMILY = "1,2";
				VALIDATE_PRODUCT = YES;
			};
			name = Release;
		};
		2DEBB7591EDDC30600C5E834 /* Debug */ = {
			isa = XCBuildConfiguration;
			buildSettings = {
				ASSETCATALOG_COMPILER_APPICON_NAME = AppIcon;
				DEVELOPMENT_TEAM = F7Z96QXV9V;
				INFOPLIST_FILE = XMLParcePractice/Info.plist;
				LD_RUNPATH_SEARCH_PATHS = "$(inherited) @executable_path/Frameworks";
				PRODUCT_BUNDLE_IDENTIFIER = self.jonolivet.XMLParcePractice;
				PRODUCT_NAME = "$(TARGET_NAME)";
				SWIFT_VERSION = 3.0;
			};
			name = Debug;
		};
		2DEBB75A1EDDC30600C5E834 /* Release */ = {
			isa = XCBuildConfiguration;
			buildSettings = {
				ASSETCATALOG_COMPILER_APPICON_NAME = AppIcon;
				DEVELOPMENT_TEAM = F7Z96QXV9V;
				INFOPLIST_FILE = XMLParcePractice/Info.plist;
				LD_RUNPATH_SEARCH_PATHS = "$(inherited) @executable_path/Frameworks";
				PRODUCT_BUNDLE_IDENTIFIER = self.jonolivet.XMLParcePractice;
				PRODUCT_NAME = "$(TARGET_NAME)";
				SWIFT_VERSION = 3.0;
			};
			name = Release;
		};
/* End XCBuildConfiguration section */

/* Begin XCConfigurationList section */
		2DEBB7411EDDC30600C5E834 /* Build configuration list for PBXProject "XMLParcePractice" */ = {
			isa = XCConfigurationList;
			buildConfigurations = (
				2DEBB7561EDDC30600C5E834 /* Debug */,
				2DEBB7571EDDC30600C5E834 /* Release */,
			);
			defaultConfigurationIsVisible = 0;
			defaultConfigurationName = Release;
		};
		2DEBB7581EDDC30600C5E834 /* Build configuration list for PBXNativeTarget "XMLParcePractice" */ = {
			isa = XCConfigurationList;
			buildConfigurations = (
				2DEBB7591EDDC30600C5E834 /* Debug */,
				2DEBB75A1EDDC30600C5E834 /* Release */,
			);
			defaultConfigurationIsVisible = 0;
		};
/* End XCConfigurationList section */
	};
	rootObject = 2DEBB73E1EDDC30600C5E834 /* Project object */;
}
